
Microsoft Visual Studio Solution File, Format Version 12.00
# Visual Studio Version 17
VisualStudioVersion = 17.10.34928.147
MinimumVisualStudioVersion = 10.0.40219.1
Project("{FAE04EC0-301F-11D3-BF4B-00C04F79EFBC}") = "CameraDeputados", "CameraDeputados\CameraDeputados.csproj", "{247C23FB-F656-4793-AF1D-50F56BCA99FE}"
EndProject
Global
	GlobalSection(SolutionConfigurationPlatforms) = preSolution
		Debug|Any CPU = Debug|Any CPU
		Release|Any CPU = Release|Any CPU
	EndGlobalSection
	GlobalSection(ProjectConfigurationPlatforms) = postSolution
		{247C23FB-F656-4793-AF1D-50F56BCA99FE}.Debug|Any CPU.ActiveCfg = Debug|Any CPU
		{247C23FB-F656-4793-AF1D-50F56BCA99FE}.Debug|Any CPU.Build.0 = Debug|Any CPU
		{247C23FB-F656-4793-AF1D-50F56BCA99FE}.Release|Any CPU.ActiveCfg = Release|Any CPU
		{247C23FB-F656-4793-AF1D-50F56BCA99FE}.Release|Any CPU.Build.0 = Release|Any CPU
	EndGlobalSection
	GlobalSection(SolutionProperties) = preSolution
		HideSolutionNode = FALSE
	EndGlobalSection
	GlobalSection(ExtensibilityGlobals) = postSolution
		SolutionGuid = {74DF7F8A-673E-4396-A1B0-B936EF1C1431}
	EndGlobalSection
EndGlobal
